dependencies:
  idf:
    source:
      type: idf
    version: 6.0.0
  lvgl/lvgl:
    component_hash: 2409fdc84e9766d2a18afd84b051aef3f838348136cdb1c10ac2e8bcdb012bf6
    dependencies: []
    source:
      registry_url: https://components.espressif.com/
      type: service
    version: 9.2.0
direct_dependencies:
- lvgl/lvgl
manifest_hash: 7c4fe91b65de9d75199f5b9994923acad3b46b5617043e42bafb8ffdc5f37025
target: esp32s3
version: 3.0.0
